
Microsoft Visual Studio Solution File, Format Version 12.00
# Visual Studio Version 16
VisualStudioVersion = 16.0.29209.62
MinimumVisualStudioVersion = 10.0.40219.1
Project("{9A19103F-16F7-4668-BE54-9A1E7A4F7556}") = "JuegoDeLaVidaLib", "JuegoDeLaVidaLib\JuegoDeLaVidaLib.csproj", "{32FF3D55-14F1-4CF0-AE7B-220DCA5994A5}"
EndProject
Project("{9A19103F-16F7-4668-BE54-9A1E7A4F7556}") = "JuegoDeLaVidaPruebas", "JuegoDeLaVidaPruebas\JuegoDeLaVidaPruebas.csproj", "{6F510C80-C352-490C-9861-0D1C5F883542}"
EndProject
Project("{FAE04EC0-301F-11D3-BF4B-00C04F79EFBC}") = "JuegoDeLaVidaWin", "JuegoDeLaVidaWin\JuegoDeLaVidaWin.csproj", "{F5347CA7-01F3-4949-8CBE-72EF3D981134}"
EndProject
Global
	GlobalSection(SolutionConfigurationPlatforms) = preSolution
		Debug|Any CPU = Debug|Any CPU
		Release|Any CPU = Release|Any CPU
	EndGlobalSection
	GlobalSection(ProjectConfigurationPlatforms) = postSolution
		{32FF3D55-14F1-4CF0-AE7B-220DCA5994A5}.Debug|Any CPU.ActiveCfg = Debug|Any CPU
		{32FF3D55-14F1-4CF0-AE7B-220DCA5994A5}.Debug|Any CPU.Build.0 = Debug|Any CPU
		{32FF3D55-14F1-4CF0-AE7B-220DCA5994A5}.Release|Any CPU.ActiveCfg = Release|Any CPU
		{32FF3D55-14F1-4CF0-AE7B-220DCA5994A5}.Release|Any CPU.Build.0 = Release|Any CPU
		{6F510C80-C352-490C-9861-0D1C5F883542}.Debug|Any CPU.ActiveCfg = Debug|Any CPU
		{6F510C80-C352-490C-9861-0D1C5F883542}.Debug|Any CPU.Build.0 = Debug|Any CPU
		{6F510C80-C352-490C-9861-0D1C5F883542}.Release|Any CPU.ActiveCfg = Release|Any CPU
		{6F510C80-C352-490C-9861-0D1C5F883542}.Release|Any CPU.Build.0 = Release|Any CPU
		{F5347CA7-01F3-4949-8CBE-72EF3D981134}.Debug|Any CPU.ActiveCfg = Debug|Any CPU
		{F5347CA7-01F3-4949-8CBE-72EF3D981134}.Debug|Any CPU.Build.0 = Debug|Any CPU
		{F5347CA7-01F3-4949-8CBE-72EF3D981134}.Release|Any CPU.ActiveCfg = Release|Any CPU
		{F5347CA7-01F3-4949-8CBE-72EF3D981134}.Release|Any CPU.Build.0 = Release|Any CPU
	EndGlobalSection
	GlobalSection(SolutionProperties) = preSolution
		HideSolutionNode = FALSE
	EndGlobalSection
	GlobalSection(ExtensibilityGlobals) = postSolution
		SolutionGuid = {F44912F0-8450-4DCA-9129-83ED088DDE66}
	EndGlobalSection
EndGlobal
